// !$*UTF8*$!
{
	archiveVersion = 1;
	classes = {
	};
	objectVersion = 50;
	objects = {

/* Begin PBXBuildFile section */
		042DD2CD248EDA89001B4287 /* Date+adds.swift in Sources */ = {isa = PBXBuildFile; fileRef = 042DD2CC248EDA89001B4287 /* Date+adds.swift */; };
		042DD2D0248EDF0F001B4287 /* Constants.swift in Sources */ = {isa = PBXBuildFile; fileRef = 042DD2CF248EDF0F001B4287 /* Constants.swift */; };
		042DD2D3248EE1A6001B4287 /* Webservice.swift in Sources */ = {isa = PBXBuildFile; fileRef = 042DD2D2248EE1A6001B4287 /* Webservice.swift */; };
		042DD2D6248EE1E2001B4287 /* CurrentWeather.swift in Sources */ = {isa = PBXBuildFile; fileRef = 042DD2D5248EE1E2001B4287 /* CurrentWeather.swift */; };
		045FA486248D354100A772BA /* AppDelegate.swift in Sources */ = {isa = PBXBuildFile; fileRef = 045FA485248D354100A772BA /* AppDelegate.swift */; };
		045FA488248D354100A772BA /* SceneDelegate.swift in Sources */ = {isa = PBXBuildFile; fileRef = 045FA487248D354100A772BA /* SceneDelegate.swift */; };
		045FA48C248D354400A772BA /* Assets.xcassets in Resources */ = {isa = PBXBuildFile; fileRef = 045FA48B248D354400A772BA /* Assets.xcassets */; };
		045FA48F248D354400A772BA /* Preview Assets.xcassets in Resources */ = {isa = PBXBuildFile; fileRef = 045FA48E248D354400A772BA /* Preview Assets.xcassets */; };
		045FA492248D354400A772BA /* LaunchScreen.storyboard in Resources */ = {isa = PBXBuildFile; fileRef = 045FA490248D354400A772BA /* LaunchScreen.storyboard */; };
		045FA49D248D361A00A772BA /* MapSceneView.swift in Sources */ = {isa = PBXBuildFile; fileRef = 045FA49C248D361A00A772BA /* MapSceneView.swift */; };
		045FA49F248D362700A772BA /* MapSceneIntent.swift in Sources */ = {isa = PBXBuildFile; fileRef = 045FA49E248D362700A772BA /* MapSceneIntent.swift */; };
		045FA4A2248D363A00A772BA /* MapSceneModel.swift in Sources */ = {isa = PBXBuildFile; fileRef = 045FA4A1248D363A00A772BA /* MapSceneModel.swift */; };
		045FA4A8248D36ED00A772BA /* MapView.swift in Sources */ = {isa = PBXBuildFile; fileRef = 045FA4A7248D36ED00A772BA /* MapView.swift */; };
		045FA4AB248D377F00A772BA /* LocationManager.swift in Sources */ = {isa = PBXBuildFile; fileRef = 045FA4AA248D377F00A772BA /* LocationManager.swift */; };
		045FA4AD248D385C00A772BA /* Checkpoint.swift in Sources */ = {isa = PBXBuildFile; fileRef = 045FA4AC248D385C00A772BA /* Checkpoint.swift */; };
		045FA4AF248D38F100A772BA /* AppState.swift in Sources */ = {isa = PBXBuildFile; fileRef = 045FA4AE248D38F100A772BA /* AppState.swift */; };
		045FA4B1248D390E00A772BA /* AppSetings.swift in Sources */ = {isa = PBXBuildFile; fileRef = 045FA4B0248D390E00A772BA /* AppSetings.swift */; };
		045FA4B3248D391D00A772BA /* AppIntent.swift in Sources */ = {isa = PBXBuildFile; fileRef = 045FA4B2248D391D00A772BA /* AppIntent.swift */; };
/* End PBXBuildFile section */

/* Begin PBXFileReference section */
		042DD2CC248EDA89001B4287 /* Date+adds.swift */ = {isa = PBXFileReference; lastKnownFileType = sourcecode.swift; path = "Date+adds.swift"; sourceTree = "<group>"; };
		042DD2CF248EDF0F001B4287 /* Constants.swift */ = {isa = PBXFileReference; lastKnownFileType = sourcecode.swift; path = Constants.swift; sourceTree = "<group>"; };
		042DD2D2248EE1A6001B4287 /* Webservice.swift */ = {isa = PBXFileReference; lastKnownFileType = sourcecode.swift; path = Webservice.swift; sourceTree = "<group>"; };
		042DD2D5248EE1E2001B4287 /* CurrentWeather.swift */ = {isa = PBXFileReference; lastKnownFileType = sourcecode.swift; path = CurrentWeather.swift; sourceTree = "<group>"; };
		045FA482248D354100A772BA /* IBMWeather.app */ = {isa = PBXFileReference; explicitFileType = wrapper.application; includeInIndex = 0; path = IBMWeather.app; sourceTree = BUILT_PRODUCTS_DIR; };
		045FA485248D354100A772BA /* AppDelegate.swift */ = {isa = PBXFileReference; lastKnownFileType = sourcecode.swift; path = AppDelegate.swift; sourceTree = "<group>"; };
		045FA487248D354100A772BA /* SceneDelegate.swift */ = {isa = PBXFileReference; lastKnownFileType = sourcecode.swift; path = SceneDelegate.swift; sourceTree = "<group>"; };
		045FA48B248D354400A772BA /* Assets.xcassets */ = {isa = PBXFileReference; lastKnownFileType = folder.assetcatalog; path = Assets.xcassets; sourceTree = "<group>"; };
		045FA48E248D354400A772BA /* Preview Assets.xcassets */ = {isa = PBXFileReference; lastKnownFileType = folder.assetcatalog; path = "Preview Assets.xcassets"; sourceTree = "<group>"; };
		045FA491248D354400A772BA /* Base */ = {isa = PBXFileReference; lastKnownFileType = file.storyboard; name = Base; path = Base.lproj/LaunchScreen.storyboard; sourceTree = "<group>"; };
		045FA493248D354400A772BA /* Info.plist */ = {isa = PBXFileReference; lastKnownFileType = text.plist.xml; path = Info.plist; sourceTree = "<group>"; };
		045FA49C248D361A00A772BA /* MapSceneView.swift */ = {isa = PBXFileReference; lastKnownFileType = sourcecode.swift; path = MapSceneView.swift; sourceTree = "<group>"; };
		045FA49E248D362700A772BA /* MapSceneIntent.swift */ = {isa = PBXFileReference; lastKnownFileType = sourcecode.swift; path = MapSceneIntent.swift; sourceTree = "<group>"; };
		045FA4A1248D363A00A772BA /* MapSceneModel.swift */ = {isa = PBXFileReference; lastKnownFileType = sourcecode.swift; path = MapSceneModel.swift; sourceTree = "<group>"; };
		045FA4A7248D36ED00A772BA /* MapView.swift */ = {isa = PBXFileReference; lastKnownFileType = sourcecode.swift; path = MapView.swift; sourceTree = "<group>"; };
		045FA4AA248D377F00A772BA /* LocationManager.swift */ = {isa = PBXFileReference; lastKnownFileType = sourcecode.swift; path = LocationManager.swift; sourceTree = "<group>"; };
		045FA4AC248D385C00A772BA /* Checkpoint.swift */ = {isa = PBXFileReference; lastKnownFileType = sourcecode.swift; path = Checkpoint.swift; sourceTree = "<group>"; };
		045FA4AE248D38F100A772BA /* AppState.swift */ = {isa = PBXFileReference; lastKnownFileType = sourcecode.swift; path = AppState.swift; sourceTree = "<group>"; };
		045FA4B0248D390E00A772BA /* AppSetings.swift */ = {isa = PBXFileReference; lastKnownFileType = sourcecode.swift; path = AppSetings.swift; sourceTree = "<group>"; };
		045FA4B2248D391D00A772BA /* AppIntent.swift */ = {isa = PBXFileReference; lastKnownFileType = sourcecode.swift; path = AppIntent.swift; sourceTree = "<group>"; };
/* End PBXFileReference section */

/* Begin PBXFrameworksBuildPhase section */
		045FA47F248D354100A772BA /* Frameworks */ = {
			isa = PBXFrameworksBuildPhase;
			buildActionMask = 2147483647;
			files = (
			);
			runOnlyForDeploymentPostprocessing = 0;
		};
/* End PBXFrameworksBuildPhase section */

/* Begin PBXGroup section */
		042DD2CE248EDF00001B4287 /* Utils */ = {
			isa = PBXGroup;
			children = (
				042DD2CF248EDF0F001B4287 /* Constants.swift */,
			);
			path = Utils;
			sourceTree = "<group>";
		};
		042DD2D1248EE196001B4287 /* Services */ = {
			isa = PBXGroup;
			children = (
				042DD2D2248EE1A6001B4287 /* Webservice.swift */,
			);
			path = Services;
			sourceTree = "<group>";
		};
		042DD2D4248EE1CE001B4287 /* Models */ = {
			isa = PBXGroup;
			children = (
				042DD2D5248EE1E2001B4287 /* CurrentWeather.swift */,
			);
			path = Models;
			sourceTree = "<group>";
		};
		045FA479248D354000A772BA = {
			isa = PBXGroup;
			children = (
				045FA4A3248D367F00A772BA /* Lib */,
				045FA484248D354100A772BA /* IBMWeather */,
				045FA483248D354100A772BA /* Products */,
			);
			sourceTree = "<group>";
		};
		045FA483248D354100A772BA /* Products */ = {
			isa = PBXGroup;
			children = (
				045FA482248D354100A772BA /* IBMWeather.app */,
			);
			name = Products;
			sourceTree = "<group>";
		};
		045FA484248D354100A772BA /* IBMWeather */ = {
			isa = PBXGroup;
			children = (
				045FA499248D35C900A772BA /* Scenes */,
				045FA485248D354100A772BA /* AppDelegate.swift */,
				045FA487248D354100A772BA /* SceneDelegate.swift */,
				045FA48B248D354400A772BA /* Assets.xcassets */,
				045FA490248D354400A772BA /* LaunchScreen.storyboard */,
				045FA493248D354400A772BA /* Info.plist */,
				045FA48D248D354400A772BA /* Preview Content */,
			);
			path = IBMWeather;
			sourceTree = "<group>";
		};
		045FA48D248D354400A772BA /* Preview Content */ = {
			isa = PBXGroup;
			children = (
				045FA48E248D354400A772BA /* Preview Assets.xcassets */,
			);
			path = "Preview Content";
			sourceTree = "<group>";
		};
		045FA499248D35C900A772BA /* Scenes */ = {
			isa = PBXGroup;
			children = (
				045FA49B248D35FC00A772BA /* StartScene */,
				045FA49A248D35D900A772BA /* MapScene */,
			);
			path = Scenes;
			sourceTree = "<group>";
		};
		045FA49A248D35D900A772BA /* MapScene */ = {
			isa = PBXGroup;
			children = (
				045FA49C248D361A00A772BA /* MapSceneView.swift */,
				045FA49E248D362700A772BA /* MapSceneIntent.swift */,
				045FA4A1248D363A00A772BA /* MapSceneModel.swift */,
			);
			path = MapScene;
			sourceTree = "<group>";
		};
		045FA49B248D35FC00A772BA /* StartScene */ = {
			isa = PBXGroup;
			children = (
			);
			path = StartScene;
			sourceTree = "<group>";
		};
		045FA4A3248D367F00A772BA /* Lib */ = {
			isa = PBXGroup;
			children = (
				042DD2D4248EE1CE001B4287 /* Models */,
				042DD2D1248EE196001B4287 /* Services */,
				042DD2CE248EDF00001B4287 /* Utils */,
				045FA4A9248D371A00A772BA /* Managers */,
				045FA4A6248D36D000A772BA /* Extensions */,
				045FA4A5248D36CA00A772BA /* Settings */,
				045FA4A4248D369E00A772BA /* Components */,
			);
			path = Lib;
			sourceTree = "<group>";
		};
		045FA4A4248D369E00A772BA /* Components */ = {
			isa = PBXGroup;
			children = (
				045FA4A7248D36ED00A772BA /* MapView.swift */,
				045FA4AC248D385C00A772BA /* Checkpoint.swift */,
			);
			path = Components;
			sourceTree = "<group>";
		};
		045FA4A5248D36CA00A772BA /* Settings */ = {
			isa = PBXGroup;
			children = (
				045FA4AE248D38F100A772BA /* AppState.swift */,
				045FA4B0248D390E00A772BA /* AppSetings.swift */,
				045FA4B2248D391D00A772BA /* AppIntent.swift */,
			);
			path = Settings;
			sourceTree = "<group>";
		};
		045FA4A6248D36D000A772BA /* Extensions */ = {
			isa = PBXGroup;
			children = (
				042DD2CC248EDA89001B4287 /* Date+adds.swift */,
			);
			path = Extensions;
			sourceTree = "<group>";
		};
		045FA4A9248D371A00A772BA /* Managers */ = {
			isa = PBXGroup;
			children = (
				045FA4AA248D377F00A772BA /* LocationManager.swift */,
			);
			path = Managers;
			sourceTree = "<group>";
		};
/* End PBXGroup section */

/* Begin PBXNativeTarget section */
		045FA481248D354100A772BA /* IBMWeather */ = {
			isa = PBXNativeTarget;
			buildConfigurationList = 045FA496248D354400A772BA /* Build configuration list for PBXNativeTarget "IBMWeather" */;
			buildPhases = (
				045FA47E248D354100A772BA /* Sources */,
				045FA47F248D354100A772BA /* Frameworks */,
				045FA480248D354100A772BA /* Resources */,
			);
			buildRules = (
			);
			dependencies = (
			);
			name = IBMWeather;
			productName = IBMWeather;
			productReference = 045FA482248D354100A772BA /* IBMWeather.app */;
			productType = "com.apple.product-type.application";
		};
/* End PBXNativeTarget section */

/* Begin PBXProject section */
		045FA47A248D354000A772BA /* Project object */ = {
			isa = PBXProject;
			attributes = {
				LastSwiftUpdateCheck = 1140;
				LastUpgradeCheck = 1140;
				ORGANIZATIONNAME = Lammax;
				TargetAttributes = {
					045FA481248D354100A772BA = {
						CreatedOnToolsVersion = 11.4.1;
					};
				};
			};
			buildConfigurationList = 045FA47D248D354000A772BA /* Build configuration list for PBXProject "IBMWeather" */;
			compatibilityVersion = "Xcode 9.3";
			developmentRegion = en;
			hasScannedForEncodings = 0;
			knownRegions = (
				en,
				Base,
			);
			mainGroup = 045FA479248D354000A772BA;
			productRefGroup = 045FA483248D354100A772BA /* Products */;
			projectDirPath = "";
			projectRoot = "";
			targets = (
				045FA481248D354100A772BA /* IBMWeather */,
			);
		};
/* End PBXProject section */

/* Begin PBXResourcesBuildPhase section */
		045FA480248D354100A772BA /* Resources */ = {
			isa = PBXResourcesBuildPhase;
			buildActionMask = 2147483647;
			files = (
				045FA492248D354400A772BA /* LaunchScreen.storyboard in Resources */,
				045FA48F248D354400A772BA /* Preview Assets.xcassets in Resources */,
				045FA48C248D354400A772BA /* Assets.xcassets in Resources */,
			);
			runOnlyForDeploymentPostprocessing = 0;
		};
/* End PBXResourcesBuildPhase section */

/* Begin PBXSourcesBuildPhase section */
		045FA47E248D354100A772BA /* Sources */ = {
			isa = PBXSourcesBuildPhase;
			buildActionMask = 2147483647;
			files = (
				045FA49F248D362700A772BA /* MapSceneIntent.swift in Sources */,
				042DD2D6248EE1E2001B4287 /* CurrentWeather.swift in Sources */,
				045FA4A8248D36ED00A772BA /* MapView.swift in Sources */,
				045FA49D248D361A00A772BA /* MapSceneView.swift in Sources */,
				045FA4B1248D390E00A772BA /* AppSetings.swift in Sources */,
				045FA4B3248D391D00A772BA /* AppIntent.swift in Sources */,
				045FA4AF248D38F100A772BA /* AppState.swift in Sources */,
				045FA4AD248D385C00A772BA /* Checkpoint.swift in Sources */,
				042DD2D0248EDF0F001B4287 /* Constants.swift in Sources */,
				042DD2D3248EE1A6001B4287 /* Webservice.swift in Sources */,
				045FA4AB248D377F00A772BA /* LocationManager.swift in Sources */,
				045FA486248D354100A772BA /* AppDelegate.swift in Sources */,
				045FA4A2248D363A00A772BA /* MapSceneModel.swift in Sources */,
				045FA488248D354100A772BA /* SceneDelegate.swift in Sources */,
				042DD2CD248EDA89001B4287 /* Date+adds.swift in Sources */,
			);
			runOnlyForDeploymentPostprocessing = 0;
		};
/* End PBXSourcesBuildPhase section */

/* Begin PBXVariantGroup section */
		045FA490248D354400A772BA /* LaunchScreen.storyboard */ = {
			isa = PBXVariantGroup;
			children = (
				045FA491248D354400A772BA /* Base */,
			);
			name = LaunchScreen.storyboard;
			sourceTree = "<group>";
		};
/* End PBXVariantGroup section */

/* Begin XCBuildConfiguration section */
		045FA494248D354400A772BA /* Debug */ = {
			isa = XCBuildConfiguration;
			buildSettings = {
				ALWAYS_SEARCH_USER_PATHS = NO;
				CLANG_ANALYZER_NONNULL = YES;
				CLANG_ANALYZER_NUMBER_OBJECT_CONVERSION = YES_AGGRESSIVE;
				CLANG_CXX_LANGUAGE_STANDARD = "gnu++14";
				CLANG_CXX_LIBRARY = "libc++";
				CLANG_ENABLE_MODULES = YES;
				CLANG_ENABLE_OBJC_ARC = YES;
				CLANG_ENABLE_OBJC_WEAK = YES;
				CLANG_WARN_BLOCK_CAPTURE_AUTORELEASING = YES;
				CLANG_WARN_BOOL_CONVERSION = YES;
				CLANG_WARN_COMMA = YES;
				CLANG_WARN_CONSTANT_CONVERSION = YES;
				CLANG_WARN_DEPRECATED_OBJC_IMPLEMENTATIONS = YES;
				CLANG_WARN_DIRECT_OBJC_ISA_USAGE = YES_ERROR;
				CLANG_WARN_DOCUMENTATION_COMMENTS = YES;
				CLANG_WARN_EMPTY_BODY = YES;
				CLANG_WARN_ENUM_CONVERSION = YES;
				CLANG_WARN_INFINITE_RECURSION = YES;
				CLANG_WARN_INT_CONVERSION = YES;
				CLANG_WARN_NON_LITERAL_NULL_CONVERSION = YES;
				CLANG_WARN_OBJC_IMPLICIT_RETAIN_SELF = YES;
				CLANG_WARN_OBJC_LITERAL_CONVERSION = YES;
				CLANG_WARN_OBJC_ROOT_CLASS = YES_ERROR;
				CLANG_WARN_RANGE_LOOP_ANALYSIS = YES;
				CLANG_WARN_STRICT_PROTOTYPES = YES;
				CLANG_WARN_SUSPICIOUS_MOVE = YES;
				CLANG_WARN_UNGUARDED_AVAILABILITY = YES_AGGRESSIVE;
				CLANG_WARN_UNREACHABLE_CODE = YES;
				CLANG_WARN__DUPLICATE_METHOD_MATCH = YES;
				COPY_PHASE_STRIP = NO;
				DEBUG_INFORMATION_FORMAT = dwarf;
				ENABLE_STRICT_OBJC_MSGSEND = YES;
				ENABLE_TESTABILITY = YES;
				GCC_C_LANGUAGE_STANDARD = gnu11;
				GCC_DYNAMIC_NO_PIC = NO;
				GCC_NO_COMMON_BLOCKS = YES;
				GCC_OPTIMIZATION_LEVEL = 0;
				GCC_PREPROCESSOR_DEFINITIONS = (
					"DEBUG=1",
					"$(inherited)",
				);
				GCC_WARN_64_TO_32_BIT_CONVERSION = YES;
				GCC_WARN_ABOUT_RETURN_TYPE = YES_ERROR;
				GCC_WARN_UNDECLARED_SELECTOR = YES;
				GCC_WARN_UNINITIALIZED_AUTOS = YES_AGGRESSIVE;
				GCC_WARN_UNUSED_FUNCTION = YES;
				GCC_WARN_UNUSED_VARIABLE = YES;
				IPHONEOS_DEPLOYMENT_TARGET = 13.4;
				MTL_ENABLE_DEBUG_INFO = INCLUDE_SOURCE;
				MTL_FAST_MATH = YES;
				ONLY_ACTIVE_ARCH = YES;
				SDKROOT = iphoneos;
				SWIFT_ACTIVE_COMPILATION_CONDITIONS = DEBUG;
				SWIFT_OPTIMIZATION_LEVEL = "-Onone";
			};
			name = Debug;
		};
		045FA495248D354400A772BA /* Release */ = {
			isa = XCBuildConfiguration;
			buildSettings = {
				ALWAYS_SEARCH_USER_PATHS = NO;
				CLANG_ANALYZER_NONNULL = YES;
				CLANG_ANALYZER_NUMBER_OBJECT_CONVERSION = YES_AGGRESSIVE;
				CLANG_CXX_LANGUAGE_STANDARD = "gnu++14";
				CLANG_CXX_LIBRARY = "libc++";
				CLANG_ENABLE_MODULES = YES;
				CLANG_ENABLE_OBJC_ARC = YES;
				CLANG_ENABLE_OBJC_WEAK = YES;
				CLANG_WARN_BLOCK_CAPTURE_AUTORELEASING = YES;
				CLANG_WARN_BOOL_CONVERSION = YES;
				CLANG_WARN_COMMA = YES;
				CLANG_WARN_CONSTANT_CONVERSION = YES;
				CLANG_WARN_DEPRECATED_OBJC_IMPLEMENTATIONS = YES;
				CLANG_WARN_DIRECT_OBJC_ISA_USAGE = YES_ERROR;
				CLANG_WARN_DOCUMENTATION_COMMENTS = YES;
				CLANG_WARN_EMPTY_BODY = YES;
				CLANG_WARN_ENUM_CONVERSION = YES;
				CLANG_WARN_INFINITE_RECURSION = YES;
				CLANG_WARN_INT_CONVERSION = YES;
				CLANG_WARN_NON_LITERAL_NULL_CONVERSION = YES;
				CLANG_WARN_OBJC_IMPLICIT_RETAIN_SELF = YES;
				CLANG_WARN_OBJC_LITERAL_CONVERSION = YES;
				CLANG_WARN_OBJC_ROOT_CLASS = YES_ERROR;
				CLANG_WARN_RANGE_LOOP_ANALYSIS = YES;
				CLANG_WARN_STRICT_PROTOTYPES = YES;
				CLANG_WARN_SUSPICIOUS_MOVE = YES;
				CLANG_WARN_UNGUARDED_AVAILABILITY = YES_AGGRESSIVE;
				CLANG_WARN_UNREACHABLE_CODE = YES;
				CLANG_WARN__DUPLICATE_METHOD_MATCH = YES;
				COPY_PHASE_STRIP = NO;
				DEBUG_INFORMATION_FORMAT = "dwarf-with-dsym";
				ENABLE_NS_ASSERTIONS = NO;
				ENABLE_STRICT_OBJC_MSGSEND = YES;
				GCC_C_LANGUAGE_STANDARD = gnu11;
				GCC_NO_COMMON_BLOCKS = YES;
				GCC_WARN_64_TO_32_BIT_CONVERSION = YES;
				GCC_WARN_ABOUT_RETURN_TYPE = YES_ERROR;
				GCC_WARN_UNDECLARED_SELECTOR = YES;
				GCC_WARN_UNINITIALIZED_AUTOS = YES_AGGRESSIVE;
				GCC_WARN_UNUSED_FUNCTION = YES;
				GCC_WARN_UNUSED_VARIABLE = YES;
				IPHONEOS_DEPLOYMENT_TARGET = 13.4;
				MTL_ENABLE_DEBUG_INFO = NO;
				MTL_FAST_MATH = YES;
				SDKROOT = iphoneos;
				SWIFT_COMPILATION_MODE = wholemodule;
				SWIFT_OPTIMIZATION_LEVEL = "-O";
				VALIDATE_PRODUCT = YES;
			};
			name = Release;
		};
		045FA497248D354400A772BA /* Debug */ = {
			isa = XCBuildConfiguration;
			buildSettings = {
				ASSETCATALOG_COMPILER_APPICON_NAME = AppIcon;
				CODE_SIGN_STYLE = Automatic;
				DEVELOPMENT_ASSET_PATHS = "\"IBMWeather/Preview Content\"";
				DEVELOPMENT_TEAM = Z8JVJD6M2F;
				ENABLE_PREVIEWS = YES;
				INFOPLIST_FILE = IBMWeather/Info.plist;
				LD_RUNPATH_SEARCH_PATHS = (
					"$(inherited)",
					"@executable_path/Frameworks",
				);
				PRODUCT_BUNDLE_IDENTIFIER = com.lammax.ios.weather.ibm;
				PRODUCT_NAME = "$(TARGET_NAME)";
				SWIFT_VERSION = 5.0;
				TARGETED_DEVICE_FAMILY = 1;
			};
			name = Debug;
		};
		045FA498248D354400A772BA /* Release */ = {
			isa = XCBuildConfiguration;
			buildSettings = {
				ASSETCATALOG_COMPILER_APPICON_NAME = AppIcon;
				CODE_SIGN_STYLE = Automatic;
				DEVELOPMENT_ASSET_PATHS = "\"IBMWeather/Preview Content\"";
				DEVELOPMENT_TEAM = Z8JVJD6M2F;
				ENABLE_PREVIEWS = YES;
				INFOPLIST_FILE = IBMWeather/Info.plist;
				LD_RUNPATH_SEARCH_PATHS = (
					"$(inherited)",
					"@executable_path/Frameworks",
				);
				PRODUCT_BUNDLE_IDENTIFIER = com.lammax.ios.weather.ibm;
				PRODUCT_NAME = "$(TARGET_NAME)";
				SWIFT_VERSION = 5.0;
				TARGETED_DEVICE_FAMILY = 1;
			};
			name = Release;
		};
/* End XCBuildConfiguration section */

/* Begin XCConfigurationList section */
		045FA47D248D354000A772BA /* Build configuration list for PBXProject "IBMWeather" */ = {
			isa = XCConfigurationList;
			buildConfigurations = (
				045FA494248D354400A772BA /* Debug */,
				045FA495248D354400A772BA /* Release */,
			);
			defaultConfigurationIsVisible = 0;
			defaultConfigurationName = Release;
		};
		045FA496248D354400A772BA /* Build configuration list for PBXNativeTarget "IBMWeather" */ = {
			isa = XCConfigurationList;
			buildConfigurations = (
				045FA497248D354400A772BA /* Debug */,
				045FA498248D354400A772BA /* Release */,
			);
			defaultConfigurationIsVisible = 0;
			defaultConfigurationName = Release;
		};
/* End XCConfigurationList section */
	};
	rootObject = 045FA47A248D354000A772BA /* Project object */;
}
